
Microsoft Visual Studio Solution File, Format Version 12.00
# Visual Studio Version 17
VisualStudioVersion = 17.4.33213.308
MinimumVisualStudioVersion = 10.0.40219.1
Project("{FAE04EC0-301F-11D3-BF4B-00C04F79EFBC}") = "H", "H\H.csproj", "{CCE4FA33-EEF8-4177-98D2-03016DB8FECF}"
EndProject
Global
	GlobalSection(SolutionConfigurationPlatforms) = preSolution
		Debug|Any CPU = Debug|Any CPU
		Release|Any CPU = Release|Any CPU
	EndGlobalSection
	GlobalSection(ProjectConfigurationPlatforms) = postSolution
		{CCE4FA33-EEF8-4177-98D2-03016DB8FECF}.Debug|Any CPU.ActiveCfg = Debug|Any CPU
		{CCE4FA33-EEF8-4177-98D2-03016DB8FECF}.Debug|Any CPU.Build.0 = Debug|Any CPU
		{CCE4FA33-EEF8-4177-98D2-03016DB8FECF}.Release|Any CPU.ActiveCfg = Release|Any CPU
		{CCE4FA33-EEF8-4177-98D2-03016DB8FECF}.Release|Any CPU.Build.0 = Release|Any CPU
	EndGlobalSection
	GlobalSection(SolutionProperties) = preSolution
		HideSolutionNode = FALSE
	EndGlobalSection
	GlobalSection(ExtensibilityGlobals) = postSolution
		SolutionGuid = {95C6CD38-CF41-4050-A0AF-B25851FD96A2}
	EndGlobalSection
EndGlobal
